
Microsoft Visual Studio Solution File, Format Version 12.00
# Visual Studio 2015
Project("{FAE04EC0-301F-11D3-BF4B-00C04F79EFBC}") = "ViveTest5.4.CSharp.Plugins", "ViveTest5.4.CSharp.Plugins.csproj", "{11D738D2-F0B0-E87C-C165-0B5B8EDF4CB6}"
EndProject
Project("{FAE04EC0-301F-11D3-BF4B-00C04F79EFBC}") = "ViveTest5.4.CSharp", "ViveTest5.4.CSharp.csproj", "{52C59017-88C2-FA92-6DE4-C93C61F746BF}"
EndProject
Project("{FAE04EC0-301F-11D3-BF4B-00C04F79EFBC}") = "ViveTest5.4.CSharp.Editor", "ViveTest5.4.CSharp.Editor.csproj", "{73DF56E6-6EF2-5DB2-744A-9D0042E9C280}"
EndProject
Global
	GlobalSection(SolutionConfigurationPlatforms) = preSolution
		Debug|Any CPU = Debug|Any CPU
		Release|Any CPU = Release|Any CPU
	EndGlobalSection
	GlobalSection(ProjectConfigurationPlatforms) = postSolution
		{11D738D2-F0B0-E87C-C165-0B5B8EDF4CB6}.Debug|Any CPU.ActiveCfg = Debug|Any CPU
		{11D738D2-F0B0-E87C-C165-0B5B8EDF4CB6}.Debug|Any CPU.Build.0 = Debug|Any CPU
		{11D738D2-F0B0-E87C-C165-0B5B8EDF4CB6}.Release|Any CPU.ActiveCfg = Release|Any CPU
		{11D738D2-F0B0-E87C-C165-0B5B8EDF4CB6}.Release|Any CPU.Build.0 = Release|Any CPU
		{52C59017-88C2-FA92-6DE4-C93C61F746BF}.Debug|Any CPU.ActiveCfg = Debug|Any CPU
		{52C59017-88C2-FA92-6DE4-C93C61F746BF}.Debug|Any CPU.Build.0 = Debug|Any CPU
		{52C59017-88C2-FA92-6DE4-C93C61F746BF}.Release|Any CPU.ActiveCfg = Release|Any CPU
		{52C59017-88C2-FA92-6DE4-C93C61F746BF}.Release|Any CPU.Build.0 = Release|Any CPU
		{73DF56E6-6EF2-5DB2-744A-9D0042E9C280}.Debug|Any CPU.ActiveCfg = Debug|Any CPU
		{73DF56E6-6EF2-5DB2-744A-9D0042E9C280}.Debug|Any CPU.Build.0 = Debug|Any CPU
		{73DF56E6-6EF2-5DB2-744A-9D0042E9C280}.Release|Any CPU.ActiveCfg = Release|Any CPU
		{73DF56E6-6EF2-5DB2-744A-9D0042E9C280}.Release|Any CPU.Build.0 = Release|Any CPU
	EndGlobalSection
	GlobalSection(SolutionProperties) = preSolution
		HideSolutionNode = FALSE
	EndGlobalSection
EndGlobal
